
Microsoft Visual Studio Solution File, Format Version 12.00
# Visual Studio Version 17
VisualStudioVersion = 17.8.34330.188
MinimumVisualStudioVersion = 10.0.40219.1
Project("{9A19103F-16F7-4668-BE54-9A1E7A4F7556}") = "YAF.SampleApp", "YAF.SampleApp\YAF.SampleApp.csproj", "{DF174AE9-931B-4A3D-8157-DD755306E72F}"
EndProject
Project("{2150E333-8FDC-42A3-9474-1A3956D46DE8}") = "Solution Items", "Solution Items", "{C5041F26-350E-4DEC-A76D-8DD4E70932D2}"
	ProjectSection(SolutionItems) = preProject
		.editorconfig = .editorconfig
	EndProjectSection
EndProject
Global
	GlobalSection(SolutionConfigurationPlatforms) = preSolution
		Debug|Any CPU = Debug|Any CPU
		Release|Any CPU = Release|Any CPU
	EndGlobalSection
	GlobalSection(ProjectConfigurationPlatforms) = postSolution
		{DF174AE9-931B-4A3D-8157-DD755306E72F}.Debug|Any CPU.ActiveCfg = Debug|Any CPU
		{DF174AE9-931B-4A3D-8157-DD755306E72F}.Debug|Any CPU.Build.0 = Debug|Any CPU
		{DF174AE9-931B-4A3D-8157-DD755306E72F}.Release|Any CPU.ActiveCfg = Release|Any CPU
		{DF174AE9-931B-4A3D-8157-DD755306E72F}.Release|Any CPU.Build.0 = Release|Any CPU
	EndGlobalSection
	GlobalSection(SolutionProperties) = preSolution
		HideSolutionNode = FALSE
	EndGlobalSection
	GlobalSection(ExtensibilityGlobals) = postSolution
		SolutionGuid = {68E7D74D-BA3C-427B-ACA7-672B543656DE}
	EndGlobalSection
EndGlobal
